
Microsoft Visual Studio Solution File, Format Version 12.00
# Visual Studio Version 16
VisualStudioVersion = 16.0.32901.82
MinimumVisualStudioVersion = 10.0.40219.1
Project("{FAE04EC0-301F-11D3-BF4B-00C04F79EFBC}") = "WinFormlarıcalısma6", "WinFormlarıcalısma6\WinFormlarıcalısma6.csproj", "{8012D733-1FAE-4266-B813-D57F59B37C61}"
EndProject
Global
	GlobalSection(SolutionConfigurationPlatforms) = preSolution
		Debug|Any CPU = Debug|Any CPU
		Release|Any CPU = Release|Any CPU
	EndGlobalSection
	GlobalSection(ProjectConfigurationPlatforms) = postSolution
		{8012D733-1FAE-4266-B813-D57F59B37C61}.Debug|Any CPU.ActiveCfg = Debug|Any CPU
		{8012D733-1FAE-4266-B813-D57F59B37C61}.Debug|Any CPU.Build.0 = Debug|Any CPU
		{8012D733-1FAE-4266-B813-D57F59B37C61}.Release|Any CPU.ActiveCfg = Release|Any CPU
		{8012D733-1FAE-4266-B813-D57F59B37C61}.Release|Any CPU.Build.0 = Release|Any CPU
	EndGlobalSection
	GlobalSection(SolutionProperties) = preSolution
		HideSolutionNode = FALSE
	EndGlobalSection
	GlobalSection(ExtensibilityGlobals) = postSolution
		SolutionGuid = {96FCA422-DA84-4FA3-B82F-9C51A1DFD0A1}
	EndGlobalSection
EndGlobal
